// !$*UTF8*$!
{
	archiveVersion = 1;
	classes = {
	};
	objectVersion = 56;
	objects = {

/* Begin PBXBuildFile section */
		D136F1CA2B2AA526001CAABE /* 2675 (문자열 반복).cpp in Sources */ = {isa = PBXBuildFile; fileRef = D136F1C82B2AA526001CAABE /* 2675 (문자열 반복).cpp */; };
		D136F1CD2B2B1D92001CAABE /* 수 정렬하기 3 (10989).cpp in Sources */ = {isa = PBXBuildFile; fileRef = D136F1CB2B2B1D92001CAABE /* 수 정렬하기 3 (10989).cpp */; };
		D140D8E42B162AF800585AE7 /* 1546.cpp in Sources */ = {isa = PBXBuildFile; fileRef = D140D8E22B162AE900585AE7 /* 1546.cpp */; };
		D15B412E2B49398E002EC337 /* 고스택 3425.cpp in Sources */ = {isa = PBXBuildFile; fileRef = D15B412C2B49398E002EC337 /* 고스택 3425.cpp */; };
		D16F613B2B00FFBC00E927BD /* main.cpp in Sources */ = {isa = PBXBuildFile; fileRef = D16F613A2B00FFBC00E927BD /* main.cpp */; };
		D191A7A82B13FF80009B3145 /* 10811.cpp in Sources */ = {isa = PBXBuildFile; fileRef = D191A7A62B13FF77009B3145 /* 10811.cpp */; };
		D19911B42B42B15E00D8FBD3 /* 2039 일곱난쟁이.cpp in Sources */ = {isa = PBXBuildFile; fileRef = D19911B22B42B15E00D8FBD3 /* 2039 일곱난쟁이.cpp */; };
		D1B248EA2B7C5CF900C3845A /* 1253.cpp in Sources */ = {isa = PBXBuildFile; fileRef = D1B248E82B7C5CF900C3845A /* 1253.cpp */; };
		D1B9AD4D2B422AAF00483418 /* define.cpp in Sources */ = {isa = PBXBuildFile; fileRef = D1B9AD4B2B422AAF00483418 /* define.cpp */; };
		D1B9AD502B42612500483418 /* getline.cpp in Sources */ = {isa = PBXBuildFile; fileRef = D1B9AD4E2B42612500483418 /* getline.cpp */; };
		D1C1C8372B0360B800F6F328 /* 괄호검사.cpp in Sources */ = {isa = PBXBuildFile; fileRef = D1C1C8352B0360B800F6F328 /* 괄호검사.cpp */; };
		D1C1C83A2B03659200F6F328 /* 덱.cpp in Sources */ = {isa = PBXBuildFile; fileRef = D1C1C8382B03659200F6F328 /* 덱.cpp */; };
		D1C1C83D2B04374A00F6F328 /* 4949.cpp in Sources */ = {isa = PBXBuildFile; fileRef = D1C1C83B2B04374A00F6F328 /* 4949.cpp */; };
		D1C1C8402B06FD5500F6F328 /* 2440.cpp in Sources */ = {isa = PBXBuildFile; fileRef = D1C1C83E2B06FD5500F6F328 /* 2440.cpp */; };
		D1C1C8432B06FE7100F6F328 /* 2441.cpp in Sources */ = {isa = PBXBuildFile; fileRef = D1C1C8412B06FE7100F6F328 /* 2441.cpp */; };
		D1C1C8462B06FFA200F6F328 /* 2442.cpp in Sources */ = {isa = PBXBuildFile; fileRef = D1C1C8442B06FFA200F6F328 /* 2442.cpp */; };
		D1C1C8492B070FBA00F6F328 /* 2443.cpp in Sources */ = {isa = PBXBuildFile; fileRef = D1C1C8472B070FBA00F6F328 /* 2443.cpp */; };
		D1C1C84C2B07102E00F6F328 /* 2444.cpp in Sources */ = {isa = PBXBuildFile; fileRef = D1C1C84A2B07102E00F6F328 /* 2444.cpp */; };
		D1C1C84F2B074CFC00F6F328 /* 2446.cpp in Sources */ = {isa = PBXBuildFile; fileRef = D1C1C84D2B074CFA00F6F328 /* 2446.cpp */; };
		D1C1C8512B074DA300F6F328 /* 2445.cpp in Sources */ = {isa = PBXBuildFile; fileRef = D1C1C8502B074DA000F6F328 /* 2445.cpp */; };
		D1C1C8542B07524600F6F328 /* 2558.cpp in Sources */ = {isa = PBXBuildFile; fileRef = D1C1C8522B07524300F6F328 /* 2558.cpp */; };
		D1C1C8572B07558700F6F328 /* 15740.cpp in Sources */ = {isa = PBXBuildFile; fileRef = D1C1C8552B07558400F6F328 /* 15740.cpp */; };
		D1C1C85A2B085E5E00F6F328 /* 1918.cpp in Sources */ = {isa = PBXBuildFile; fileRef = D1C1C8582B085E5B00F6F328 /* 1918.cpp */; };
		D1C1C85D2B0A3DB000F6F328 /* 2522.cpp in Sources */ = {isa = PBXBuildFile; fileRef = D1C1C85B2B0A3DB000F6F328 /* 2522.cpp */; };
		D1C1C8602B0AD1FA00F6F328 /* 1874.cpp in Sources */ = {isa = PBXBuildFile; fileRef = D1C1C85E2B0AD1FA00F6F328 /* 1874.cpp */; };
		D1D5630F2B2A925C003E4C6E /* 알파벳 찾기 (10809).cpp in Sources */ = {isa = PBXBuildFile; fileRef = D1D5630D2B2A9259003E4C6E /* 알파벳 찾기 (10809).cpp */; };
		D1E542B02B25F35B00030EA2 /* 수 찾기 (1920).cpp in Sources */ = {isa = PBXBuildFile; fileRef = D1E542AE2B25F35800030EA2 /* 수 찾기 (1920).cpp */; };
		D1FB2FF92B4A193C009DACF4 /* 크냑과 3D 프린터 30923.cpp in Sources */ = {isa = PBXBuildFile; fileRef = D1FB2FF72B4A193C009DACF4 /* 크냑과 3D 프린터 30923.cpp */; };
		D1FD2BB72B0E2D390012128D /* 별.cpp in Sources */ = {isa = PBXBuildFile; fileRef = D1FD2BB52B0E2D390012128D /* 별.cpp */; };
/* End PBXBuildFile section */

/* Begin PBXCopyFilesBuildPhase section */
		D16F61352B00FFBC00E927BD /* CopyFiles */ = {
			isa = PBXCopyFilesBuildPhase;
			buildActionMask = 2147483647;
			dstPath = /usr/share/man/man1/;
			dstSubfolderSpec = 0;
			files = (
			);
			runOnlyForDeploymentPostprocessing = 1;
		};
/* End PBXCopyFilesBuildPhase section */

/* Begin PBXFileReference section */
		D136F1C82B2AA526001CAABE /* 2675 (문자열 반복).cpp */ = {isa = PBXFileReference; lastKnownFileType = sourcecode.cpp.cpp; path = "2675 (문자열 반복).cpp"; sourceTree = "<group>"; };
		D136F1C92B2AA526001CAABE /* 2675 (문자열 반복).hpp */ = {isa = PBXFileReference; lastKnownFileType = sourcecode.cpp.h; path = "2675 (문자열 반복).hpp"; sourceTree = "<group>"; };
		D136F1CB2B2B1D92001CAABE /* 수 정렬하기 3 (10989).cpp */ = {isa = PBXFileReference; lastKnownFileType = sourcecode.cpp.cpp; path = "수 정렬하기 3 (10989).cpp"; sourceTree = "<group>"; };
		D136F1CC2B2B1D92001CAABE /* 수 정렬하기 3 (10989).hpp */ = {isa = PBXFileReference; lastKnownFileType = sourcecode.cpp.h; path = "수 정렬하기 3 (10989).hpp"; sourceTree = "<group>"; };
		D140D8E22B162AE900585AE7 /* 1546.cpp */ = {isa = PBXFileReference; lastKnownFileType = sourcecode.cpp.cpp; path = 1546.cpp; sourceTree = "<group>"; };
		D15B412C2B49398E002EC337 /* 고스택 3425.cpp */ = {isa = PBXFileReference; lastKnownFileType = sourcecode.cpp.cpp; path = "고스택 3425.cpp"; sourceTree = "<group>"; };
		D16F61372B00FFBC00E927BD /* c++_study */ = {isa = PBXFileReference; explicitFileType = "compiled.mach-o.executable"; includeInIndex = 0; path = "c++_study"; sourceTree = BUILT_PRODUCTS_DIR; };
		D16F613A2B00FFBC00E927BD /* main.cpp */ = {isa = PBXFileReference; lastKnownFileType = sourcecode.cpp.cpp; path = main.cpp; sourceTree = "<group>"; };
		D191A7A62B13FF77009B3145 /* 10811.cpp */ = {isa = PBXFileReference; lastKnownFileType = sourcecode.cpp.cpp; path = 10811.cpp; sourceTree = "<group>"; };
		D19911B22B42B15E00D8FBD3 /* 2039 일곱난쟁이.cpp */ = {isa = PBXFileReference; lastKnownFileType = sourcecode.cpp.cpp; path = "2039 일곱난쟁이.cpp"; sourceTree = "<group>"; };
		D1B248E82B7C5CF900C3845A /* 1253.cpp */ = {isa = PBXFileReference; lastKnownFileType = sourcecode.cpp.cpp; path = 1253.cpp; sourceTree = "<group>"; };
		D1B248E92B7C5CF900C3845A /* 1253.hpp */ = {isa = PBXFileReference; lastKnownFileType = sourcecode.cpp.h; path = 1253.hpp; sourceTree = "<group>"; };
		D1B9AD4B2B422AAF00483418 /* define.cpp */ = {isa = PBXFileReference; lastKnownFileType = sourcecode.cpp.cpp; path = define.cpp; sourceTree = "<group>"; };
		D1B9AD4E2B42612500483418 /* getline.cpp */ = {isa = PBXFileReference; lastKnownFileType = sourcecode.cpp.cpp; path = getline.cpp; sourceTree = "<group>"; };
		D1C1C8352B0360B800F6F328 /* 괄호검사.cpp */ = {isa = PBXFileReference; lastKnownFileType = sourcecode.cpp.cpp; path = "괄호검사.cpp"; sourceTree = "<group>"; };
		D1C1C8382B03659200F6F328 /* 덱.cpp */ = {isa = PBXFileReference; lastKnownFileType = sourcecode.cpp.cpp; path = "덱.cpp"; sourceTree = "<group>"; };
		D1C1C83B2B04374A00F6F328 /* 4949.cpp */ = {isa = PBXFileReference; lastKnownFileType = sourcecode.cpp.cpp; path = 4949.cpp; sourceTree = "<group>"; };
		D1C1C83E2B06FD5500F6F328 /* 2440.cpp */ = {isa = PBXFileReference; lastKnownFileType = sourcecode.cpp.cpp; path = 2440.cpp; sourceTree = "<group>"; };
		D1C1C8412B06FE7100F6F328 /* 2441.cpp */ = {isa = PBXFileReference; lastKnownFileType = sourcecode.cpp.cpp; path = 2441.cpp; sourceTree = "<group>"; };
		D1C1C8442B06FFA200F6F328 /* 2442.cpp */ = {isa = PBXFileReference; lastKnownFileType = sourcecode.cpp.cpp; path = 2442.cpp; sourceTree = "<group>"; };
		D1C1C8472B070FBA00F6F328 /* 2443.cpp */ = {isa = PBXFileReference; lastKnownFileType = sourcecode.cpp.cpp; path = 2443.cpp; sourceTree = "<group>"; };
		D1C1C84A2B07102E00F6F328 /* 2444.cpp */ = {isa = PBXFileReference; lastKnownFileType = sourcecode.cpp.cpp; path = 2444.cpp; sourceTree = "<group>"; };
		D1C1C84D2B074CFA00F6F328 /* 2446.cpp */ = {isa = PBXFileReference; lastKnownFileType = sourcecode.cpp.cpp; path = 2446.cpp; sourceTree = "<group>"; };
		D1C1C8502B074DA000F6F328 /* 2445.cpp */ = {isa = PBXFileReference; lastKnownFileType = sourcecode.cpp.cpp; path = 2445.cpp; sourceTree = "<group>"; };
		D1C1C8522B07524300F6F328 /* 2558.cpp */ = {isa = PBXFileReference; lastKnownFileType = sourcecode.cpp.cpp; path = 2558.cpp; sourceTree = "<group>"; };
		D1C1C8552B07558400F6F328 /* 15740.cpp */ = {isa = PBXFileReference; lastKnownFileType = sourcecode.cpp.cpp; path = 15740.cpp; sourceTree = "<group>"; };
		D1C1C8582B085E5B00F6F328 /* 1918.cpp */ = {isa = PBXFileReference; lastKnownFileType = sourcecode.cpp.cpp; path = 1918.cpp; sourceTree = "<group>"; };
		D1C1C85B2B0A3DB000F6F328 /* 2522.cpp */ = {isa = PBXFileReference; lastKnownFileType = sourcecode.cpp.cpp; path = 2522.cpp; sourceTree = "<group>"; };
		D1C1C85E2B0AD1FA00F6F328 /* 1874.cpp */ = {isa = PBXFileReference; lastKnownFileType = sourcecode.cpp.cpp; path = 1874.cpp; sourceTree = "<group>"; };
		D1D5630D2B2A9259003E4C6E /* 알파벳 찾기 (10809).cpp */ = {isa = PBXFileReference; lastKnownFileType = sourcecode.cpp.cpp; path = "알파벳 찾기 (10809).cpp"; sourceTree = "<group>"; };
		D1E542AE2B25F35800030EA2 /* 수 찾기 (1920).cpp */ = {isa = PBXFileReference; lastKnownFileType = sourcecode.cpp.cpp; path = "수 찾기 (1920).cpp"; sourceTree = "<group>"; };
		D1FB2FF72B4A193C009DACF4 /* 크냑과 3D 프린터 30923.cpp */ = {isa = PBXFileReference; lastKnownFileType = sourcecode.cpp.cpp; path = "크냑과 3D 프린터 30923.cpp"; sourceTree = "<group>"; };
		D1FB2FF82B4A193C009DACF4 /* 크냑과 3D 프린터 30923.hpp */ = {isa = PBXFileReference; lastKnownFileType = sourcecode.cpp.h; path = "크냑과 3D 프린터 30923.hpp"; sourceTree = "<group>"; };
		D1FD2BB52B0E2D390012128D /* 별.cpp */ = {isa = PBXFileReference; lastKnownFileType = sourcecode.cpp.cpp; path = "별.cpp"; sourceTree = "<group>"; };
/* End PBXFileReference section */

/* Begin PBXFrameworksBuildPhase section */
		D16F61342B00FFBC00E927BD /* Frameworks */ = {
			isa = PBXFrameworksBuildPhase;
			buildActionMask = 2147483647;
			files = (
			);
			runOnlyForDeploymentPostprocessing = 0;
		};
/* End PBXFrameworksBuildPhase section */

/* Begin PBXGroup section */
		D16F612E2B00FFBC00E927BD = {
			isa = PBXGroup;
			children = (
				D136F1CC2B2B1D92001CAABE /* 수 정렬하기 3 (10989).hpp */,
				D136F1C92B2AA526001CAABE /* 2675 (문자열 반복).hpp */,
				D16F61392B00FFBC00E927BD /* c++_study */,
				D16F61382B00FFBC00E927BD /* Products */,
			);
			sourceTree = "<group>";
		};
		D16F61382B00FFBC00E927BD /* Products */ = {
			isa = PBXGroup;
			children = (
				D16F61372B00FFBC00E927BD /* c++_study */,
			);
			name = Products;
			sourceTree = "<group>";
		};
		D16F61392B00FFBC00E927BD /* c++_study */ = {
			isa = PBXGroup;
			children = (
				D19911B12B42B13A00D8FBD3 /* baekjoon */,
				D1B9AD4A2B422A9600483418 /* study */,
			);
			path = "c++_study";
			sourceTree = "<group>";
		};
		D19911B12B42B13A00D8FBD3 /* baekjoon */ = {
			isa = PBXGroup;
			children = (
				D16F613A2B00FFBC00E927BD /* main.cpp */,
				D1C1C8352B0360B800F6F328 /* 괄호검사.cpp */,
				D1C1C8382B03659200F6F328 /* 덱.cpp */,
				D1C1C83E2B06FD5500F6F328 /* 2440.cpp */,
				D1C1C83B2B04374A00F6F328 /* 4949.cpp */,
				D1C1C85E2B0AD1FA00F6F328 /* 1874.cpp */,
				D1C1C8412B06FE7100F6F328 /* 2441.cpp */,
				D1C1C8442B06FFA200F6F328 /* 2442.cpp */,
				D1C1C8472B070FBA00F6F328 /* 2443.cpp */,
				D1C1C84A2B07102E00F6F328 /* 2444.cpp */,
				D1C1C8502B074DA000F6F328 /* 2445.cpp */,
				D1C1C84D2B074CFA00F6F328 /* 2446.cpp */,
				D1C1C8522B07524300F6F328 /* 2558.cpp */,
				D1C1C8552B07558400F6F328 /* 15740.cpp */,
				D1C1C8582B085E5B00F6F328 /* 1918.cpp */,
				D1C1C85B2B0A3DB000F6F328 /* 2522.cpp */,
				D1FD2BB52B0E2D390012128D /* 별.cpp */,
				D191A7A62B13FF77009B3145 /* 10811.cpp */,
				D140D8E22B162AE900585AE7 /* 1546.cpp */,
				D1E542AE2B25F35800030EA2 /* 수 찾기 (1920).cpp */,
				D1D5630D2B2A9259003E4C6E /* 알파벳 찾기 (10809).cpp */,
				D136F1C82B2AA526001CAABE /* 2675 (문자열 반복).cpp */,
				D136F1CB2B2B1D92001CAABE /* 수 정렬하기 3 (10989).cpp */,
				D19911B22B42B15E00D8FBD3 /* 2039 일곱난쟁이.cpp */,
				D15B412C2B49398E002EC337 /* 고스택 3425.cpp */,
				D1FB2FF72B4A193C009DACF4 /* 크냑과 3D 프린터 30923.cpp */,
				D1B248E82B7C5CF900C3845A /* 1253.cpp */,
				D1B248E92B7C5CF900C3845A /* 1253.hpp */,
				D1FB2FF82B4A193C009DACF4 /* 크냑과 3D 프린터 30923.hpp */,
			);
			path = baekjoon;
			sourceTree = "<group>";
		};
		D1B9AD4A2B422A9600483418 /* study */ = {
			isa = PBXGroup;
			children = (
				D1B9AD4B2B422AAF00483418 /* define.cpp */,
				D1B9AD4E2B42612500483418 /* getline.cpp */,
			);
			path = study;
			sourceTree = "<group>";
		};
/* End PBXGroup section */

/* Begin PBXNativeTarget section */
		D16F61362B00FFBC00E927BD /* c++_study */ = {
			isa = PBXNativeTarget;
			buildConfigurationList = D16F613E2B00FFBC00E927BD /* Build configuration list for PBXNativeTarget "c++_study" */;
			buildPhases = (
				D16F61332B00FFBC00E927BD /* Sources */,
				D16F61342B00FFBC00E927BD /* Frameworks */,
				D16F61352B00FFBC00E927BD /* CopyFiles */,
			);
			buildRules = (
			);
			dependencies = (
			);
			name = "c++_study";
			productName = "c++_study";
			productReference = D16F61372B00FFBC00E927BD /* c++_study */;
			productType = "com.apple.product-type.tool";
		};
/* End PBXNativeTarget section */

/* Begin PBXProject section */
		D16F612F2B00FFBC00E927BD /* Project object */ = {
			isa = PBXProject;
			attributes = {
				BuildIndependentTargetsInParallel = 1;
				LastUpgradeCheck = 1500;
				TargetAttributes = {
					D16F61362B00FFBC00E927BD = {
						CreatedOnToolsVersion = 15.0;
					};
				};
			};
			buildConfigurationList = D16F61322B00FFBC00E927BD /* Build configuration list for PBXProject "c++_study" */;
			compatibilityVersion = "Xcode 14.0";
			developmentRegion = en;
			hasScannedForEncodings = 0;
			knownRegions = (
				en,
				Base,
			);
			mainGroup = D16F612E2B00FFBC00E927BD;
			productRefGroup = D16F61382B00FFBC00E927BD /* Products */;
			projectDirPath = "";
			projectRoot = "";
			targets = (
				D16F61362B00FFBC00E927BD /* c++_study */,
			);
		};
/* End PBXProject section */

/* Begin PBXSourcesBuildPhase section */
		D16F61332B00FFBC00E927BD /* Sources */ = {
			isa = PBXSourcesBuildPhase;
			buildActionMask = 2147483647;
			files = (
				D1C1C84C2B07102E00F6F328 /* 2444.cpp in Sources */,
				D1C1C8462B06FFA200F6F328 /* 2442.cpp in Sources */,
				D1C1C8432B06FE7100F6F328 /* 2441.cpp in Sources */,
				D1C1C83A2B03659200F6F328 /* 덱.cpp in Sources */,
				D1C1C84F2B074CFC00F6F328 /* 2446.cpp in Sources */,
				D16F613B2B00FFBC00E927BD /* main.cpp in Sources */,
				D19911B42B42B15E00D8FBD3 /* 2039 일곱난쟁이.cpp in Sources */,
				D1B9AD4D2B422AAF00483418 /* define.cpp in Sources */,
				D1FB2FF92B4A193C009DACF4 /* 크냑과 3D 프린터 30923.cpp in Sources */,
				D1C1C85A2B085E5E00F6F328 /* 1918.cpp in Sources */,
				D1C1C8512B074DA300F6F328 /* 2445.cpp in Sources */,
				D1C1C8372B0360B800F6F328 /* 괄호검사.cpp in Sources */,
				D1B9AD502B42612500483418 /* getline.cpp in Sources */,
				D1D5630F2B2A925C003E4C6E /* 알파벳 찾기 (10809).cpp in Sources */,
				D1C1C85D2B0A3DB000F6F328 /* 2522.cpp in Sources */,
				D1FD2BB72B0E2D390012128D /* 별.cpp in Sources */,
				D15B412E2B49398E002EC337 /* 고스택 3425.cpp in Sources */,
				D136F1CA2B2AA526001CAABE /* 2675 (문자열 반복).cpp in Sources */,
				D140D8E42B162AF800585AE7 /* 1546.cpp in Sources */,
				D1C1C83D2B04374A00F6F328 /* 4949.cpp in Sources */,
				D1C1C8542B07524600F6F328 /* 2558.cpp in Sources */,
				D191A7A82B13FF80009B3145 /* 10811.cpp in Sources */,
				D1C1C8572B07558700F6F328 /* 15740.cpp in Sources */,
				D1B248EA2B7C5CF900C3845A /* 1253.cpp in Sources */,
				D1C1C8602B0AD1FA00F6F328 /* 1874.cpp in Sources */,
				D136F1CD2B2B1D92001CAABE /* 수 정렬하기 3 (10989).cpp in Sources */,
				D1E542B02B25F35B00030EA2 /* 수 찾기 (1920).cpp in Sources */,
				D1C1C8492B070FBA00F6F328 /* 2443.cpp in Sources */,
				D1C1C8402B06FD5500F6F328 /* 2440.cpp in Sources */,
			);
			runOnlyForDeploymentPostprocessing = 0;
		};
/* End PBXSourcesBuildPhase section */

/* Begin XCBuildConfiguration section */
		D16F613C2B00FFBC00E927BD /* Debug */ = {
			isa = XCBuildConfiguration;
			buildSettings = {
				ALWAYS_SEARCH_USER_PATHS = NO;
				ASSETCATALOG_COMPILER_GENERATE_SWIFT_ASSET_SYMBOL_EXTENSIONS = YES;
				CLANG_ANALYZER_NONNULL = YES;
				CLANG_ANALYZER_NUMBER_OBJECT_CONVERSION = YES_AGGRESSIVE;
				CLANG_CXX_LANGUAGE_STANDARD = "gnu++20";
				CLANG_ENABLE_MODULES = YES;
				CLANG_ENABLE_OBJC_ARC = YES;
				CLANG_ENABLE_OBJC_WEAK = YES;
				CLANG_WARN_BLOCK_CAPTURE_AUTORELEASING = YES;
				CLANG_WARN_BOOL_CONVERSION = YES;
				CLANG_WARN_COMMA = YES;
				CLANG_WARN_CONSTANT_CONVERSION = YES;
				CLANG_WARN_DEPRECATED_OBJC_IMPLEMENTATIONS = YES;
				CLANG_WARN_DIRECT_OBJC_ISA_USAGE = YES_ERROR;
				CLANG_WARN_DOCUMENTATION_COMMENTS = YES;
				CLANG_WARN_EMPTY_BODY = YES;
				CLANG_WARN_ENUM_CONVERSION = YES;
				CLANG_WARN_INFINITE_RECURSION = YES;
				CLANG_WARN_INT_CONVERSION = YES;
				CLANG_WARN_NON_LITERAL_NULL_CONVERSION = YES;
				CLANG_WARN_OBJC_IMPLICIT_RETAIN_SELF = YES;
				CLANG_WARN_OBJC_LITERAL_CONVERSION = YES;
				CLANG_WARN_OBJC_ROOT_CLASS = YES_ERROR;
				CLANG_WARN_QUOTED_INCLUDE_IN_FRAMEWORK_HEADER = YES;
				CLANG_WARN_RANGE_LOOP_ANALYSIS = YES;
				CLANG_WARN_STRICT_PROTOTYPES = YES;
				CLANG_WARN_SUSPICIOUS_MOVE = YES;
				CLANG_WARN_UNGUARDED_AVAILABILITY = YES_AGGRESSIVE;
				CLANG_WARN_UNREACHABLE_CODE = YES;
				CLANG_WARN__DUPLICATE_METHOD_MATCH = YES;
				COPY_PHASE_STRIP = NO;
				DEBUG_INFORMATION_FORMAT = dwarf;
				ENABLE_STRICT_OBJC_MSGSEND = YES;
				ENABLE_TESTABILITY = YES;
				ENABLE_USER_SCRIPT_SANDBOXING = YES;
				GCC_C_LANGUAGE_STANDARD = gnu17;
				GCC_DYNAMIC_NO_PIC = NO;
				GCC_NO_COMMON_BLOCKS = YES;
				GCC_OPTIMIZATION_LEVEL = 0;
				GCC_PREPROCESSOR_DEFINITIONS = (
					"DEBUG=1",
					"$(inherited)",
				);
				GCC_WARN_64_TO_32_BIT_CONVERSION = YES;
				GCC_WARN_ABOUT_RETURN_TYPE = YES_ERROR;
				GCC_WARN_UNDECLARED_SELECTOR = YES;
				GCC_WARN_UNINITIALIZED_AUTOS = YES_AGGRESSIVE;
				GCC_WARN_UNUSED_FUNCTION = YES;
				GCC_WARN_UNUSED_VARIABLE = YES;
				LOCALIZATION_PREFERS_STRING_CATALOGS = YES;
				MACOSX_DEPLOYMENT_TARGET = 14.0;
				MTL_ENABLE_DEBUG_INFO = INCLUDE_SOURCE;
				MTL_FAST_MATH = YES;
				ONLY_ACTIVE_ARCH = YES;
				SDKROOT = macosx;
			};
			name = Debug;
		};
		D16F613D2B00FFBC00E927BD /* Release */ = {
			isa = XCBuildConfiguration;
			buildSettings = {
				ALWAYS_SEARCH_USER_PATHS = NO;
				ASSETCATALOG_COMPILER_GENERATE_SWIFT_ASSET_SYMBOL_EXTENSIONS = YES;
				CLANG_ANALYZER_NONNULL = YES;
				CLANG_ANALYZER_NUMBER_OBJECT_CONVERSION = YES_AGGRESSIVE;
				CLANG_CXX_LANGUAGE_STANDARD = "gnu++20";
				CLANG_ENABLE_MODULES = YES;
				CLANG_ENABLE_OBJC_ARC = YES;
				CLANG_ENABLE_OBJC_WEAK = YES;
				CLANG_WARN_BLOCK_CAPTURE_AUTORELEASING = YES;
				CLANG_WARN_BOOL_CONVERSION = YES;
				CLANG_WARN_COMMA = YES;
				CLANG_WARN_CONSTANT_CONVERSION = YES;
				CLANG_WARN_DEPRECATED_OBJC_IMPLEMENTATIONS = YES;
				CLANG_WARN_DIRECT_OBJC_ISA_USAGE = YES_ERROR;
				CLANG_WARN_DOCUMENTATION_COMMENTS = YES;
				CLANG_WARN_EMPTY_BODY = YES;
				CLANG_WARN_ENUM_CONVERSION = YES;
				CLANG_WARN_INFINITE_RECURSION = YES;
				CLANG_WARN_INT_CONVERSION = YES;
				CLANG_WARN_NON_LITERAL_NULL_CONVERSION = YES;
				CLANG_WARN_OBJC_IMPLICIT_RETAIN_SELF = YES;
				CLANG_WARN_OBJC_LITERAL_CONVERSION = YES;
				CLANG_WARN_OBJC_ROOT_CLASS = YES_ERROR;
				CLANG_WARN_QUOTED_INCLUDE_IN_FRAMEWORK_HEADER = YES;
				CLANG_WARN_RANGE_LOOP_ANALYSIS = YES;
				CLANG_WARN_STRICT_PROTOTYPES = YES;
				CLANG_WARN_SUSPICIOUS_MOVE = YES;
				CLANG_WARN_UNGUARDED_AVAILABILITY = YES_AGGRESSIVE;
				CLANG_WARN_UNREACHABLE_CODE = YES;
				CLANG_WARN__DUPLICATE_METHOD_MATCH = YES;
				COPY_PHASE_STRIP = NO;
				DEBUG_INFORMATION_FORMAT = "dwarf-with-dsym";
				ENABLE_NS_ASSERTIONS = NO;
				ENABLE_STRICT_OBJC_MSGSEND = YES;
				ENABLE_USER_SCRIPT_SANDBOXING = YES;
				GCC_C_LANGUAGE_STANDARD = gnu17;
				GCC_NO_COMMON_BLOCKS = YES;
				GCC_WARN_64_TO_32_BIT_CONVERSION = YES;
				GCC_WARN_ABOUT_RETURN_TYPE = YES_ERROR;
				GCC_WARN_UNDECLARED_SELECTOR = YES;
				GCC_WARN_UNINITIALIZED_AUTOS = YES_AGGRESSIVE;
				GCC_WARN_UNUSED_FUNCTION = YES;
				GCC_WARN_UNUSED_VARIABLE = YES;
				LOCALIZATION_PREFERS_STRING_CATALOGS = YES;
				MACOSX_DEPLOYMENT_TARGET = 14.0;
				MTL_ENABLE_DEBUG_INFO = NO;
				MTL_FAST_MATH = YES;
				SDKROOT = macosx;
			};
			name = Release;
		};
		D16F613F2B00FFBC00E927BD /* Debug */ = {
			isa = XCBuildConfiguration;
			buildSettings = {
				CODE_SIGN_STYLE = Automatic;
				PRODUCT_NAME = "$(TARGET_NAME)";
			};
			name = Debug;
		};
		D16F61402B00FFBC00E927BD /* Release */ = {
			isa = XCBuildConfiguration;
			buildSettings = {
				CODE_SIGN_STYLE = Automatic;
				PRODUCT_NAME = "$(TARGET_NAME)";
			};
			name = Release;
		};
/* End XCBuildConfiguration section */

/* Begin XCConfigurationList section */
		D16F61322B00FFBC00E927BD /* Build configuration list for PBXProject "c++_study" */ = {
			isa = XCConfigurationList;
			buildConfigurations = (
				D16F613C2B00FFBC00E927BD /* Debug */,
				D16F613D2B00FFBC00E927BD /* Release */,
			);
			defaultConfigurationIsVisible = 0;
			defaultConfigurationName = Release;
		};
		D16F613E2B00FFBC00E927BD /* Build configuration list for PBXNativeTarget "c++_study" */ = {
			isa = XCConfigurationList;
			buildConfigurations = (
				D16F613F2B00FFBC00E927BD /* Debug */,
				D16F61402B00FFBC00E927BD /* Release */,
			);
			defaultConfigurationIsVisible = 0;
			defaultConfigurationName = Release;
		};
/* End XCConfigurationList section */
	};
	rootObject = D16F612F2B00FFBC00E927BD /* Project object */;
}
