// !$*UTF8*$!
{
	archiveVersion = 1;
	classes = {
	};
	objectVersion = 56;
	objects = {

/* Begin PBXBuildFile section */
		D10BF73E29D303FD006AD190 /* main.swift in Sources */ = {isa = PBXBuildFile; fileRef = D10BF73D29D303FD006AD190 /* main.swift */; };
		D14C88332AC1E26600BD1389 /* main.swift in Sources */ = {isa = PBXBuildFile; fileRef = D14C88322AC1E26600BD1389 /* main.swift */; };
		D14C883A2AC1E35A00BD1389 /* RxCocoa in Frameworks */ = {isa = PBXBuildFile; productRef = D14C88392AC1E35A00BD1389 /* RxCocoa */; };
		D14C883C2AC1E35A00BD1389 /* RxSwift in Frameworks */ = {isa = PBXBuildFile; productRef = D14C883B2AC1E35A00BD1389 /* RxSwift */; };
		D1A82D6D29D2FD1600E3ADF6 /* main.swift in Sources */ = {isa = PBXBuildFile; fileRef = D1A82D6C29D2FD1600E3ADF6 /* main.swift */; };
		D1F1C9312ABD9C050054599F /* main.swift in Sources */ = {isa = PBXBuildFile; fileRef = D1F1C9302ABD9C050054599F /* main.swift */; };
/* End PBXBuildFile section */

/* Begin PBXCopyFilesBuildPhase section */
		D10BF73929D303FD006AD190 /* CopyFiles */ = {
			isa = PBXCopyFilesBuildPhase;
			buildActionMask = 2147483647;
			dstPath = /usr/share/man/man1/;
			dstSubfolderSpec = 0;
			files = (
			);
			runOnlyForDeploymentPostprocessing = 1;
		};
		D14C882E2AC1E26600BD1389 /* CopyFiles */ = {
			isa = PBXCopyFilesBuildPhase;
			buildActionMask = 2147483647;
			dstPath = /usr/share/man/man1/;
			dstSubfolderSpec = 0;
			files = (
			);
			runOnlyForDeploymentPostprocessing = 1;
		};
		D1A82D5A29D2FCCA00E3ADF6 /* CopyFiles */ = {
			isa = PBXCopyFilesBuildPhase;
			buildActionMask = 2147483647;
			dstPath = /usr/share/man/man1/;
			dstSubfolderSpec = 0;
			files = (
			);
			runOnlyForDeploymentPostprocessing = 1;
		};
		D1A82D6829D2FD1600E3ADF6 /* CopyFiles */ = {
			isa = PBXCopyFilesBuildPhase;
			buildActionMask = 2147483647;
			dstPath = /usr/share/man/man1/;
			dstSubfolderSpec = 0;
			files = (
			);
			runOnlyForDeploymentPostprocessing = 1;
		};
		D1F1C92C2ABD9C050054599F /* CopyFiles */ = {
			isa = PBXCopyFilesBuildPhase;
			buildActionMask = 2147483647;
			dstPath = /usr/share/man/man1/;
			dstSubfolderSpec = 0;
			files = (
			);
			runOnlyForDeploymentPostprocessing = 1;
		};
/* End PBXCopyFilesBuildPhase section */

/* Begin PBXFileReference section */
		D10BF73B29D303FD006AD190 /* Gogodon */ = {isa = PBXFileReference; explicitFileType = "compiled.mach-o.executable"; includeInIndex = 0; path = Gogodon; sourceTree = BUILT_PRODUCTS_DIR; };
		D10BF73D29D303FD006AD190 /* main.swift */ = {isa = PBXFileReference; lastKnownFileType = sourcecode.swift; path = main.swift; sourceTree = "<group>"; };
		D14C88302AC1E26600BD1389 /* StudyRxSwift */ = {isa = PBXFileReference; explicitFileType = "compiled.mach-o.executable"; includeInIndex = 0; path = StudyRxSwift; sourceTree = BUILT_PRODUCTS_DIR; };
		D14C88322AC1E26600BD1389 /* main.swift */ = {isa = PBXFileReference; lastKnownFileType = sourcecode.swift; path = main.swift; sourceTree = "<group>"; };
		D1A82D5C29D2FCCA00E3ADF6 /* swiftAlgorithm */ = {isa = PBXFileReference; explicitFileType = "compiled.mach-o.executable"; includeInIndex = 0; path = swiftAlgorithm; sourceTree = BUILT_PRODUCTS_DIR; };
		D1A82D6A29D2FD1600E3ADF6 /* LittleJeongmin */ = {isa = PBXFileReference; explicitFileType = "compiled.mach-o.executable"; includeInIndex = 0; path = LittleJeongmin; sourceTree = BUILT_PRODUCTS_DIR; };
		D1A82D6C29D2FD1600E3ADF6 /* main.swift */ = {isa = PBXFileReference; lastKnownFileType = sourcecode.swift; path = main.swift; sourceTree = "<group>"; };
		D1F1C92E2ABD9C050054599F /* SwiftGrammer */ = {isa = PBXFileReference; explicitFileType = "compiled.mach-o.executable"; includeInIndex = 0; path = SwiftGrammer; sourceTree = BUILT_PRODUCTS_DIR; };
		D1F1C9302ABD9C050054599F /* main.swift */ = {isa = PBXFileReference; lastKnownFileType = sourcecode.swift; path = main.swift; sourceTree = "<group>"; };
/* End PBXFileReference section */

/* Begin PBXFrameworksBuildPhase section */
		D10BF73829D303FD006AD190 /* Frameworks */ = {
			isa = PBXFrameworksBuildPhase;
			buildActionMask = 2147483647;
			files = (
			);
			runOnlyForDeploymentPostprocessing = 0;
		};
		D14C882D2AC1E26600BD1389 /* Frameworks */ = {
			isa = PBXFrameworksBuildPhase;
			buildActionMask = 2147483647;
			files = (
				D14C883C2AC1E35A00BD1389 /* RxSwift in Frameworks */,
				D14C883A2AC1E35A00BD1389 /* RxCocoa in Frameworks */,
			);
			runOnlyForDeploymentPostprocessing = 0;
		};
		D1A82D5929D2FCCA00E3ADF6 /* Frameworks */ = {
			isa = PBXFrameworksBuildPhase;
			buildActionMask = 2147483647;
			files = (
			);
			runOnlyForDeploymentPostprocessing = 0;
		};
		D1A82D6729D2FD1600E3ADF6 /* Frameworks */ = {
			isa = PBXFrameworksBuildPhase;
			buildActionMask = 2147483647;
			files = (
			);
			runOnlyForDeploymentPostprocessing = 0;
		};
		D1F1C92B2ABD9C050054599F /* Frameworks */ = {
			isa = PBXFrameworksBuildPhase;
			buildActionMask = 2147483647;
			files = (
			);
			runOnlyForDeploymentPostprocessing = 0;
		};
/* End PBXFrameworksBuildPhase section */

/* Begin PBXGroup section */
		D10BF73C29D303FD006AD190 /* Gogodon */ = {
			isa = PBXGroup;
			children = (
				D10BF73D29D303FD006AD190 /* main.swift */,
			);
			path = Gogodon;
			sourceTree = "<group>";
		};
		D14C88312AC1E26600BD1389 /* StudyRxSwift */ = {
			isa = PBXGroup;
			children = (
				D14C88322AC1E26600BD1389 /* main.swift */,
			);
			path = StudyRxSwift;
			sourceTree = "<group>";
		};
		D1A82D5329D2FCCA00E3ADF6 = {
			isa = PBXGroup;
			children = (
				D1A82D5E29D2FCCA00E3ADF6 /* swiftAlgorithm */,
				D1A82D6B29D2FD1600E3ADF6 /* LittleJeongmin */,
				D10BF73C29D303FD006AD190 /* Gogodon */,
				D1F1C92F2ABD9C050054599F /* SwiftGrammer */,
				D14C88312AC1E26600BD1389 /* StudyRxSwift */,
				D1A82D5D29D2FCCA00E3ADF6 /* Products */,
			);
			sourceTree = "<group>";
		};
		D1A82D5D29D2FCCA00E3ADF6 /* Products */ = {
			isa = PBXGroup;
			children = (
				D1A82D5C29D2FCCA00E3ADF6 /* swiftAlgorithm */,
				D1A82D6A29D2FD1600E3ADF6 /* LittleJeongmin */,
				D10BF73B29D303FD006AD190 /* Gogodon */,
				D1F1C92E2ABD9C050054599F /* SwiftGrammer */,
				D14C88302AC1E26600BD1389 /* StudyRxSwift */,
			);
			name = Products;
			sourceTree = "<group>";
		};
		D1A82D5E29D2FCCA00E3ADF6 /* swiftAlgorithm */ = {
			isa = PBXGroup;
			children = (
			);
			path = swiftAlgorithm;
			sourceTree = "<group>";
		};
		D1A82D6B29D2FD1600E3ADF6 /* LittleJeongmin */ = {
			isa = PBXGroup;
			children = (
				D1A82D6C29D2FD1600E3ADF6 /* main.swift */,
			);
			path = LittleJeongmin;
			sourceTree = "<group>";
		};
		D1F1C92F2ABD9C050054599F /* SwiftGrammer */ = {
			isa = PBXGroup;
			children = (
				D1F1C9302ABD9C050054599F /* main.swift */,
			);
			path = SwiftGrammer;
			sourceTree = "<group>";
		};
/* End PBXGroup section */

/* Begin PBXNativeTarget section */
		D10BF73A29D303FD006AD190 /* Gogodon */ = {
			isa = PBXNativeTarget;
			buildConfigurationList = D10BF73F29D303FD006AD190 /* Build configuration list for PBXNativeTarget "Gogodon" */;
			buildPhases = (
				D10BF73729D303FD006AD190 /* Sources */,
				D10BF73829D303FD006AD190 /* Frameworks */,
				D10BF73929D303FD006AD190 /* CopyFiles */,
			);
			buildRules = (
			);
			dependencies = (
			);
			name = Gogodon;
			productName = Gogodon;
			productReference = D10BF73B29D303FD006AD190 /* Gogodon */;
			productType = "com.apple.product-type.tool";
		};
		D14C882F2AC1E26600BD1389 /* StudyRxSwift */ = {
			isa = PBXNativeTarget;
			buildConfigurationList = D14C88342AC1E26600BD1389 /* Build configuration list for PBXNativeTarget "StudyRxSwift" */;
			buildPhases = (
				D14C882C2AC1E26600BD1389 /* Sources */,
				D14C882D2AC1E26600BD1389 /* Frameworks */,
				D14C882E2AC1E26600BD1389 /* CopyFiles */,
			);
			buildRules = (
			);
			dependencies = (
			);
			name = StudyRxSwift;
			packageProductDependencies = (
				D14C88392AC1E35A00BD1389 /* RxCocoa */,
				D14C883B2AC1E35A00BD1389 /* RxSwift */,
			);
			productName = StudyRxSwift;
			productReference = D14C88302AC1E26600BD1389 /* StudyRxSwift */;
			productType = "com.apple.product-type.tool";
		};
		D1A82D5B29D2FCCA00E3ADF6 /* swiftAlgorithm */ = {
			isa = PBXNativeTarget;
			buildConfigurationList = D1A82D6329D2FCCA00E3ADF6 /* Build configuration list for PBXNativeTarget "swiftAlgorithm" */;
			buildPhases = (
				D1A82D5829D2FCCA00E3ADF6 /* Sources */,
				D1A82D5929D2FCCA00E3ADF6 /* Frameworks */,
				D1A82D5A29D2FCCA00E3ADF6 /* CopyFiles */,
			);
			buildRules = (
			);
			dependencies = (
			);
			name = swiftAlgorithm;
			productName = swiftAlgorithm;
			productReference = D1A82D5C29D2FCCA00E3ADF6 /* swiftAlgorithm */;
			productType = "com.apple.product-type.tool";
		};
		D1A82D6929D2FD1600E3ADF6 /* LittleJeongmin */ = {
			isa = PBXNativeTarget;
			buildConfigurationList = D1A82D6E29D2FD1600E3ADF6 /* Build configuration list for PBXNativeTarget "LittleJeongmin" */;
			buildPhases = (
				D1A82D6629D2FD1600E3ADF6 /* Sources */,
				D1A82D6729D2FD1600E3ADF6 /* Frameworks */,
				D1A82D6829D2FD1600E3ADF6 /* CopyFiles */,
			);
			buildRules = (
			);
			dependencies = (
			);
			name = LittleJeongmin;
			productName = LittleJeongmin;
			productReference = D1A82D6A29D2FD1600E3ADF6 /* LittleJeongmin */;
			productType = "com.apple.product-type.tool";
		};
		D1F1C92D2ABD9C050054599F /* SwiftGrammer */ = {
			isa = PBXNativeTarget;
			buildConfigurationList = D1F1C9322ABD9C050054599F /* Build configuration list for PBXNativeTarget "SwiftGrammer" */;
			buildPhases = (
				D1F1C92A2ABD9C050054599F /* Sources */,
				D1F1C92B2ABD9C050054599F /* Frameworks */,
				D1F1C92C2ABD9C050054599F /* CopyFiles */,
			);
			buildRules = (
			);
			dependencies = (
			);
			name = SwiftGrammer;
			productName = SwiftGrammer;
			productReference = D1F1C92E2ABD9C050054599F /* SwiftGrammer */;
			productType = "com.apple.product-type.tool";
		};
/* End PBXNativeTarget section */

/* Begin PBXProject section */
		D1A82D5429D2FCCA00E3ADF6 /* Project object */ = {
			isa = PBXProject;
			attributes = {
				BuildIndependentTargetsInParallel = 1;
				LastSwiftUpdateCheck = 1500;
				LastUpgradeCheck = 1420;
				TargetAttributes = {
					D10BF73A29D303FD006AD190 = {
						CreatedOnToolsVersion = 14.2;
					};
					D14C882F2AC1E26600BD1389 = {
						CreatedOnToolsVersion = 15.0;
					};
					D1A82D5B29D2FCCA00E3ADF6 = {
						CreatedOnToolsVersion = 14.2;
					};
					D1A82D6929D2FD1600E3ADF6 = {
						CreatedOnToolsVersion = 14.2;
					};
					D1F1C92D2ABD9C050054599F = {
						CreatedOnToolsVersion = 14.3.1;
					};
				};
			};
			buildConfigurationList = D1A82D5729D2FCCA00E3ADF6 /* Build configuration list for PBXProject "swiftAlgorithm" */;
			compatibilityVersion = "Xcode 14.0";
			developmentRegion = en;
			hasScannedForEncodings = 0;
			knownRegions = (
				en,
				Base,
			);
			mainGroup = D1A82D5329D2FCCA00E3ADF6;
			packageReferences = (
				D14C88382AC1E35A00BD1389 /* XCRemoteSwiftPackageReference "RxSwift" */,
			);
			productRefGroup = D1A82D5D29D2FCCA00E3ADF6 /* Products */;
			projectDirPath = "";
			projectRoot = "";
			targets = (
				D1A82D5B29D2FCCA00E3ADF6 /* swiftAlgorithm */,
				D1A82D6929D2FD1600E3ADF6 /* LittleJeongmin */,
				D10BF73A29D303FD006AD190 /* Gogodon */,
				D1F1C92D2ABD9C050054599F /* SwiftGrammer */,
				D14C882F2AC1E26600BD1389 /* StudyRxSwift */,
			);
		};
/* End PBXProject section */

/* Begin PBXSourcesBuildPhase section */
		D10BF73729D303FD006AD190 /* Sources */ = {
			isa = PBXSourcesBuildPhase;
			buildActionMask = 2147483647;
			files = (
				D10BF73E29D303FD006AD190 /* main.swift in Sources */,
			);
			runOnlyForDeploymentPostprocessing = 0;
		};
		D14C882C2AC1E26600BD1389 /* Sources */ = {
			isa = PBXSourcesBuildPhase;
			buildActionMask = 2147483647;
			files = (
				D14C88332AC1E26600BD1389 /* main.swift in Sources */,
			);
			runOnlyForDeploymentPostprocessing = 0;
		};
		D1A82D5829D2FCCA00E3ADF6 /* Sources */ = {
			isa = PBXSourcesBuildPhase;
			buildActionMask = 2147483647;
			files = (
			);
			runOnlyForDeploymentPostprocessing = 0;
		};
		D1A82D6629D2FD1600E3ADF6 /* Sources */ = {
			isa = PBXSourcesBuildPhase;
			buildActionMask = 2147483647;
			files = (
				D1A82D6D29D2FD1600E3ADF6 /* main.swift in Sources */,
			);
			runOnlyForDeploymentPostprocessing = 0;
		};
		D1F1C92A2ABD9C050054599F /* Sources */ = {
			isa = PBXSourcesBuildPhase;
			buildActionMask = 2147483647;
			files = (
				D1F1C9312ABD9C050054599F /* main.swift in Sources */,
			);
			runOnlyForDeploymentPostprocessing = 0;
		};
/* End PBXSourcesBuildPhase section */

/* Begin XCBuildConfiguration section */
		D10BF74029D303FD006AD190 /* Debug */ = {
			isa = XCBuildConfiguration;
			buildSettings = {
				CODE_SIGN_STYLE = Automatic;
				DEVELOPMENT_TEAM = "";
				ENABLE_HARDENED_RUNTIME = YES;
				PRODUCT_NAME = "$(TARGET_NAME)";
				SWIFT_VERSION = 5.0;
			};
			name = Debug;
		};
		D10BF74129D303FD006AD190 /* Release */ = {
			isa = XCBuildConfiguration;
			buildSettings = {
				CODE_SIGN_STYLE = Automatic;
				DEVELOPMENT_TEAM = "";
				ENABLE_HARDENED_RUNTIME = YES;
				PRODUCT_NAME = "$(TARGET_NAME)";
				SWIFT_VERSION = 5.0;
			};
			name = Release;
		};
		D14C88352AC1E26600BD1389 /* Debug */ = {
			isa = XCBuildConfiguration;
			buildSettings = {
				ASSETCATALOG_COMPILER_GENERATE_SWIFT_ASSET_SYMBOL_EXTENSIONS = YES;
				CODE_SIGN_STYLE = Automatic;
				ENABLE_USER_SCRIPT_SANDBOXING = YES;
				GCC_C_LANGUAGE_STANDARD = gnu17;
				LOCALIZATION_PREFERS_STRING_CATALOGS = YES;
				MACOSX_DEPLOYMENT_TARGET = 14.0;
				PRODUCT_NAME = "$(TARGET_NAME)";
				SWIFT_ACTIVE_COMPILATION_CONDITIONS = "DEBUG $(inherited)";
				SWIFT_VERSION = 5.0;
			};
			name = Debug;
		};
		D14C88362AC1E26600BD1389 /* Release */ = {
			isa = XCBuildConfiguration;
			buildSettings = {
				ASSETCATALOG_COMPILER_GENERATE_SWIFT_ASSET_SYMBOL_EXTENSIONS = YES;
				CODE_SIGN_STYLE = Automatic;
				ENABLE_USER_SCRIPT_SANDBOXING = YES;
				GCC_C_LANGUAGE_STANDARD = gnu17;
				LOCALIZATION_PREFERS_STRING_CATALOGS = YES;
				MACOSX_DEPLOYMENT_TARGET = 14.0;
				PRODUCT_NAME = "$(TARGET_NAME)";
				SWIFT_VERSION = 5.0;
			};
			name = Release;
		};
		D1A82D6129D2FCCA00E3ADF6 /* Debug */ = {
			isa = XCBuildConfiguration;
			buildSettings = {
				ALWAYS_SEARCH_USER_PATHS = NO;
				CLANG_ANALYZER_NONNULL = YES;
				CLANG_ANALYZER_NUMBER_OBJECT_CONVERSION = YES_AGGRESSIVE;
				CLANG_CXX_LANGUAGE_STANDARD = "gnu++20";
				CLANG_ENABLE_MODULES = YES;
				CLANG_ENABLE_OBJC_ARC = YES;
				CLANG_ENABLE_OBJC_WEAK = YES;
				CLANG_WARN_BLOCK_CAPTURE_AUTORELEASING = YES;
				CLANG_WARN_BOOL_CONVERSION = YES;
				CLANG_WARN_COMMA = YES;
				CLANG_WARN_CONSTANT_CONVERSION = YES;
				CLANG_WARN_DEPRECATED_OBJC_IMPLEMENTATIONS = YES;
				CLANG_WARN_DIRECT_OBJC_ISA_USAGE = YES_ERROR;
				CLANG_WARN_DOCUMENTATION_COMMENTS = YES;
				CLANG_WARN_EMPTY_BODY = YES;
				CLANG_WARN_ENUM_CONVERSION = YES;
				CLANG_WARN_INFINITE_RECURSION = YES;
				CLANG_WARN_INT_CONVERSION = YES;
				CLANG_WARN_NON_LITERAL_NULL_CONVERSION = YES;
				CLANG_WARN_OBJC_IMPLICIT_RETAIN_SELF = YES;
				CLANG_WARN_OBJC_LITERAL_CONVERSION = YES;
				CLANG_WARN_OBJC_ROOT_CLASS = YES_ERROR;
				CLANG_WARN_QUOTED_INCLUDE_IN_FRAMEWORK_HEADER = YES;
				CLANG_WARN_RANGE_LOOP_ANALYSIS = YES;
				CLANG_WARN_STRICT_PROTOTYPES = YES;
				CLANG_WARN_SUSPICIOUS_MOVE = YES;
				CLANG_WARN_UNGUARDED_AVAILABILITY = YES_AGGRESSIVE;
				CLANG_WARN_UNREACHABLE_CODE = YES;
				CLANG_WARN__DUPLICATE_METHOD_MATCH = YES;
				COPY_PHASE_STRIP = NO;
				DEBUG_INFORMATION_FORMAT = dwarf;
				ENABLE_STRICT_OBJC_MSGSEND = YES;
				ENABLE_TESTABILITY = YES;
				GCC_C_LANGUAGE_STANDARD = gnu11;
				GCC_DYNAMIC_NO_PIC = NO;
				GCC_NO_COMMON_BLOCKS = YES;
				GCC_OPTIMIZATION_LEVEL = 0;
				GCC_PREPROCESSOR_DEFINITIONS = (
					"DEBUG=1",
					"$(inherited)",
				);
				GCC_WARN_64_TO_32_BIT_CONVERSION = YES;
				GCC_WARN_ABOUT_RETURN_TYPE = YES_ERROR;
				GCC_WARN_UNDECLARED_SELECTOR = YES;
				GCC_WARN_UNINITIALIZED_AUTOS = YES_AGGRESSIVE;
				GCC_WARN_UNUSED_FUNCTION = YES;
				GCC_WARN_UNUSED_VARIABLE = YES;
				MACOSX_DEPLOYMENT_TARGET = 13.1;
				MTL_ENABLE_DEBUG_INFO = INCLUDE_SOURCE;
				MTL_FAST_MATH = YES;
				ONLY_ACTIVE_ARCH = YES;
				SDKROOT = macosx;
				SWIFT_ACTIVE_COMPILATION_CONDITIONS = DEBUG;
				SWIFT_OPTIMIZATION_LEVEL = "-Onone";
			};
			name = Debug;
		};
		D1A82D6229D2FCCA00E3ADF6 /* Release */ = {
			isa = XCBuildConfiguration;
			buildSettings = {
				ALWAYS_SEARCH_USER_PATHS = NO;
				CLANG_ANALYZER_NONNULL = YES;
				CLANG_ANALYZER_NUMBER_OBJECT_CONVERSION = YES_AGGRESSIVE;
				CLANG_CXX_LANGUAGE_STANDARD = "gnu++20";
				CLANG_ENABLE_MODULES = YES;
				CLANG_ENABLE_OBJC_ARC = YES;
				CLANG_ENABLE_OBJC_WEAK = YES;
				CLANG_WARN_BLOCK_CAPTURE_AUTORELEASING = YES;
				CLANG_WARN_BOOL_CONVERSION = YES;
				CLANG_WARN_COMMA = YES;
				CLANG_WARN_CONSTANT_CONVERSION = YES;
				CLANG_WARN_DEPRECATED_OBJC_IMPLEMENTATIONS = YES;
				CLANG_WARN_DIRECT_OBJC_ISA_USAGE = YES_ERROR;
				CLANG_WARN_DOCUMENTATION_COMMENTS = YES;
				CLANG_WARN_EMPTY_BODY = YES;
				CLANG_WARN_ENUM_CONVERSION = YES;
				CLANG_WARN_INFINITE_RECURSION = YES;
				CLANG_WARN_INT_CONVERSION = YES;
				CLANG_WARN_NON_LITERAL_NULL_CONVERSION = YES;
				CLANG_WARN_OBJC_IMPLICIT_RETAIN_SELF = YES;
				CLANG_WARN_OBJC_LITERAL_CONVERSION = YES;
				CLANG_WARN_OBJC_ROOT_CLASS = YES_ERROR;
				CLANG_WARN_QUOTED_INCLUDE_IN_FRAMEWORK_HEADER = YES;
				CLANG_WARN_RANGE_LOOP_ANALYSIS = YES;
				CLANG_WARN_STRICT_PROTOTYPES = YES;
				CLANG_WARN_SUSPICIOUS_MOVE = YES;
				CLANG_WARN_UNGUARDED_AVAILABILITY = YES_AGGRESSIVE;
				CLANG_WARN_UNREACHABLE_CODE = YES;
				CLANG_WARN__DUPLICATE_METHOD_MATCH = YES;
				COPY_PHASE_STRIP = NO;
				DEBUG_INFORMATION_FORMAT = "dwarf-with-dsym";
				ENABLE_NS_ASSERTIONS = NO;
				ENABLE_STRICT_OBJC_MSGSEND = YES;
				GCC_C_LANGUAGE_STANDARD = gnu11;
				GCC_NO_COMMON_BLOCKS = YES;
				GCC_WARN_64_TO_32_BIT_CONVERSION = YES;
				GCC_WARN_ABOUT_RETURN_TYPE = YES_ERROR;
				GCC_WARN_UNDECLARED_SELECTOR = YES;
				GCC_WARN_UNINITIALIZED_AUTOS = YES_AGGRESSIVE;
				GCC_WARN_UNUSED_FUNCTION = YES;
				GCC_WARN_UNUSED_VARIABLE = YES;
				MACOSX_DEPLOYMENT_TARGET = 13.1;
				MTL_ENABLE_DEBUG_INFO = NO;
				MTL_FAST_MATH = YES;
				SDKROOT = macosx;
				SWIFT_COMPILATION_MODE = wholemodule;
				SWIFT_OPTIMIZATION_LEVEL = "-O";
			};
			name = Release;
		};
		D1A82D6429D2FCCA00E3ADF6 /* Debug */ = {
			isa = XCBuildConfiguration;
			buildSettings = {
				CODE_SIGN_STYLE = Automatic;
				DEVELOPMENT_TEAM = "";
				ENABLE_HARDENED_RUNTIME = YES;
				PRODUCT_NAME = "$(TARGET_NAME)";
				SWIFT_VERSION = 5.0;
			};
			name = Debug;
		};
		D1A82D6529D2FCCA00E3ADF6 /* Release */ = {
			isa = XCBuildConfiguration;
			buildSettings = {
				CODE_SIGN_STYLE = Automatic;
				DEVELOPMENT_TEAM = "";
				ENABLE_HARDENED_RUNTIME = YES;
				PRODUCT_NAME = "$(TARGET_NAME)";
				SWIFT_VERSION = 5.0;
			};
			name = Release;
		};
		D1A82D6F29D2FD1600E3ADF6 /* Debug */ = {
			isa = XCBuildConfiguration;
			buildSettings = {
				CODE_SIGN_STYLE = Automatic;
				DEVELOPMENT_TEAM = 66Q2NAKW7M;
				ENABLE_HARDENED_RUNTIME = YES;
				PRODUCT_NAME = "$(TARGET_NAME)";
				SWIFT_VERSION = 5.0;
			};
			name = Debug;
		};
		D1A82D7029D2FD1600E3ADF6 /* Release */ = {
			isa = XCBuildConfiguration;
			buildSettings = {
				CODE_SIGN_STYLE = Automatic;
				DEVELOPMENT_TEAM = 66Q2NAKW7M;
				ENABLE_HARDENED_RUNTIME = YES;
				PRODUCT_NAME = "$(TARGET_NAME)";
				SWIFT_VERSION = 5.0;
			};
			name = Release;
		};
		D1F1C9332ABD9C050054599F /* Debug */ = {
			isa = XCBuildConfiguration;
			buildSettings = {
				CODE_SIGN_STYLE = Automatic;
				MACOSX_DEPLOYMENT_TARGET = 13.3;
				PRODUCT_NAME = "$(TARGET_NAME)";
				SWIFT_VERSION = 5.0;
			};
			name = Debug;
		};
		D1F1C9342ABD9C050054599F /* Release */ = {
			isa = XCBuildConfiguration;
			buildSettings = {
				CODE_SIGN_STYLE = Automatic;
				MACOSX_DEPLOYMENT_TARGET = 13.3;
				PRODUCT_NAME = "$(TARGET_NAME)";
				SWIFT_VERSION = 5.0;
			};
			name = Release;
		};
/* End XCBuildConfiguration section */

/* Begin XCConfigurationList section */
		D10BF73F29D303FD006AD190 /* Build configuration list for PBXNativeTarget "Gogodon" */ = {
			isa = XCConfigurationList;
			buildConfigurations = (
				D10BF74029D303FD006AD190 /* Debug */,
				D10BF74129D303FD006AD190 /* Release */,
			);
			defaultConfigurationIsVisible = 0;
			defaultConfigurationName = Release;
		};
		D14C88342AC1E26600BD1389 /* Build configuration list for PBXNativeTarget "StudyRxSwift" */ = {
			isa = XCConfigurationList;
			buildConfigurations = (
				D14C88352AC1E26600BD1389 /* Debug */,
				D14C88362AC1E26600BD1389 /* Release */,
			);
			defaultConfigurationIsVisible = 0;
			defaultConfigurationName = Release;
		};
		D1A82D5729D2FCCA00E3ADF6 /* Build configuration list for PBXProject "swiftAlgorithm" */ = {
			isa = XCConfigurationList;
			buildConfigurations = (
				D1A82D6129D2FCCA00E3ADF6 /* Debug */,
				D1A82D6229D2FCCA00E3ADF6 /* Release */,
			);
			defaultConfigurationIsVisible = 0;
			defaultConfigurationName = Release;
		};
		D1A82D6329D2FCCA00E3ADF6 /* Build configuration list for PBXNativeTarget "swiftAlgorithm" */ = {
			isa = XCConfigurationList;
			buildConfigurations = (
				D1A82D6429D2FCCA00E3ADF6 /* Debug */,
				D1A82D6529D2FCCA00E3ADF6 /* Release */,
			);
			defaultConfigurationIsVisible = 0;
			defaultConfigurationName = Release;
		};
		D1A82D6E29D2FD1600E3ADF6 /* Build configuration list for PBXNativeTarget "LittleJeongmin" */ = {
			isa = XCConfigurationList;
			buildConfigurations = (
				D1A82D6F29D2FD1600E3ADF6 /* Debug */,
				D1A82D7029D2FD1600E3ADF6 /* Release */,
			);
			defaultConfigurationIsVisible = 0;
			defaultConfigurationName = Release;
		};
		D1F1C9322ABD9C050054599F /* Build configuration list for PBXNativeTarget "SwiftGrammer" */ = {
			isa = XCConfigurationList;
			buildConfigurations = (
				D1F1C9332ABD9C050054599F /* Debug */,
				D1F1C9342ABD9C050054599F /* Release */,
			);
			defaultConfigurationIsVisible = 0;
			defaultConfigurationName = Release;
		};
/* End XCConfigurationList section */

/* Begin XCRemoteSwiftPackageReference section */
		D14C88382AC1E35A00BD1389 /* XCRemoteSwiftPackageReference "RxSwift" */ = {
			isa = XCRemoteSwiftPackageReference;
			repositoryURL = "https://github.com/ReactiveX/RxSwift";
			requirement = {
				kind = upToNextMajorVersion;
				minimumVersion = 6.6.0;
			};
		};
/* End XCRemoteSwiftPackageReference section */

/* Begin XCSwiftPackageProductDependency section */
		D14C88392AC1E35A00BD1389 /* RxCocoa */ = {
			isa = XCSwiftPackageProductDependency;
			package = D14C88382AC1E35A00BD1389 /* XCRemoteSwiftPackageReference "RxSwift" */;
			productName = RxCocoa;
		};
		D14C883B2AC1E35A00BD1389 /* RxSwift */ = {
			isa = XCSwiftPackageProductDependency;
			package = D14C88382AC1E35A00BD1389 /* XCRemoteSwiftPackageReference "RxSwift" */;
			productName = RxSwift;
		};
/* End XCSwiftPackageProductDependency section */
	};
	rootObject = D1A82D5429D2FCCA00E3ADF6 /* Project object */;
}
